
Microsoft Visual Studio Solution File, Format Version 12.00
# Visual Studio Version 17
VisualStudioVersion = 17.6.33815.320
MinimumVisualStudioVersion = 10.0.40219.1
Project("{9A19103F-16F7-4668-BE54-9A1E7A4F7556}") = "DFQuickMissionImporter", "DFQuickMissionImporter.csproj", "{2C1C714D-5310-4771-BDEF-107E3B2E9429}"
EndProject
Project("{2150E333-8FDC-42A3-9474-1A3956D46DE8}") = "Solution Items", "Solution Items", "{18669C9D-927D-42DC-B3A4-1D0320B2DE6A}"
	ProjectSection(SolutionItems) = preProject
		README.md = README.md
	EndProjectSection
EndProject
Global
	GlobalSection(SolutionConfigurationPlatforms) = preSolution
		Debug|Any CPU = Debug|Any CPU
		Release|Any CPU = Release|Any CPU
	EndGlobalSection
	GlobalSection(ProjectConfigurationPlatforms) = postSolution
		{2C1C714D-5310-4771-BDEF-107E3B2E9429}.Debug|Any CPU.ActiveCfg = Debug|Any CPU
		{2C1C714D-5310-4771-BDEF-107E3B2E9429}.Debug|Any CPU.Build.0 = Debug|Any CPU
		{2C1C714D-5310-4771-BDEF-107E3B2E9429}.Release|Any CPU.ActiveCfg = Release|Any CPU
		{2C1C714D-5310-4771-BDEF-107E3B2E9429}.Release|Any CPU.Build.0 = Release|Any CPU
	EndGlobalSection
	GlobalSection(SolutionProperties) = preSolution
		HideSolutionNode = FALSE
	EndGlobalSection
	GlobalSection(ExtensibilityGlobals) = postSolution
		SolutionGuid = {CB3FDEDD-09C7-463F-8AEC-DAA304A9E76A}
	EndGlobalSection
EndGlobal
